
Microsoft Visual Studio Solution File, Format Version 12.00
# Visual Studio 2013
VisualStudioVersion = 12.0.31101.0
MinimumVisualStudioVersion = 10.0.40219.1
Project("{FAE04EC0-301F-11D3-BF4B-00C04F79EFBC}") = "2015webapi", "2015webapi\2015webapi.csproj", "{4BBB35EB-D9C3-4224-84F7-29C1EB037F2E}"
EndProject
Project("{FAE04EC0-301F-11D3-BF4B-00C04F79EFBC}") = "WebAPIClient2", "WebAPIClient2\WebAPIClient2.csproj", "{30E46DC4-3644-45B1-B9CB-A185E21B9422}"
EndProject
Global
	GlobalSection(SolutionConfigurationPlatforms) = preSolution
		Debug|Any CPU = Debug|Any CPU
		Release|Any CPU = Release|Any CPU
	EndGlobalSection
	GlobalSection(ProjectConfigurationPlatforms) = postSolution
		{4BBB35EB-D9C3-4224-84F7-29C1EB037F2E}.Debug|Any CPU.ActiveCfg = Debug|Any CPU
		{4BBB35EB-D9C3-4224-84F7-29C1EB037F2E}.Debug|Any CPU.Build.0 = Debug|Any CPU
		{4BBB35EB-D9C3-4224-84F7-29C1EB037F2E}.Release|Any CPU.ActiveCfg = Release|Any CPU
		{4BBB35EB-D9C3-4224-84F7-29C1EB037F2E}.Release|Any CPU.Build.0 = Release|Any CPU
		{30E46DC4-3644-45B1-B9CB-A185E21B9422}.Debug|Any CPU.ActiveCfg = Debug|Any CPU
		{30E46DC4-3644-45B1-B9CB-A185E21B9422}.Debug|Any CPU.Build.0 = Debug|Any CPU
		{30E46DC4-3644-45B1-B9CB-A185E21B9422}.Release|Any CPU.ActiveCfg = Release|Any CPU
		{30E46DC4-3644-45B1-B9CB-A185E21B9422}.Release|Any CPU.Build.0 = Release|Any CPU
	EndGlobalSection
	GlobalSection(SolutionProperties) = preSolution
		HideSolutionNode = FALSE
	EndGlobalSection
EndGlobal
